
Microsoft Visual Studio Solution File, Format Version 12.00
# Visual Studio Version 16
VisualStudioVersion = 16.0.29306.81
MinimumVisualStudioVersion = 10.0.40219.1
Project("{FAE04EC0-301F-11D3-BF4B-00C04F79EFBC}") = "WcfPer", "WcfPer\WcfPer.csproj", "{0311DF4C-C87E-4FF1-8EA4-ED48DCBB92C6}"
EndProject
Project("{FAE04EC0-301F-11D3-BF4B-00C04F79EFBC}") = "ClienteWS", "ClienteWS\ClienteWS.csproj", "{9C894FA3-2834-404F-9968-C021DA729946}"
	ProjectSection(ProjectDependencies) = postProject
		{0311DF4C-C87E-4FF1-8EA4-ED48DCBB92C6} = {0311DF4C-C87E-4FF1-8EA4-ED48DCBB92C6}
	EndProjectSection
EndProject
Global
	GlobalSection(SolutionConfigurationPlatforms) = preSolution
		Debug|Any CPU = Debug|Any CPU
		Release|Any CPU = Release|Any CPU
	EndGlobalSection
	GlobalSection(ProjectConfigurationPlatforms) = postSolution
		{0311DF4C-C87E-4FF1-8EA4-ED48DCBB92C6}.Debug|Any CPU.ActiveCfg = Debug|Any CPU
		{0311DF4C-C87E-4FF1-8EA4-ED48DCBB92C6}.Debug|Any CPU.Build.0 = Debug|Any CPU
		{0311DF4C-C87E-4FF1-8EA4-ED48DCBB92C6}.Release|Any CPU.ActiveCfg = Release|Any CPU
		{0311DF4C-C87E-4FF1-8EA4-ED48DCBB92C6}.Release|Any CPU.Build.0 = Release|Any CPU
		{9C894FA3-2834-404F-9968-C021DA729946}.Debug|Any CPU.ActiveCfg = Debug|Any CPU
		{9C894FA3-2834-404F-9968-C021DA729946}.Debug|Any CPU.Build.0 = Debug|Any CPU
		{9C894FA3-2834-404F-9968-C021DA729946}.Release|Any CPU.ActiveCfg = Release|Any CPU
		{9C894FA3-2834-404F-9968-C021DA729946}.Release|Any CPU.Build.0 = Release|Any CPU
	EndGlobalSection
	GlobalSection(SolutionProperties) = preSolution
		HideSolutionNode = FALSE
	EndGlobalSection
	GlobalSection(ExtensibilityGlobals) = postSolution
		SolutionGuid = {4A608E13-B17F-4A61-90A6-6D210E2A3BE1}
	EndGlobalSection
EndGlobal
